
Microsoft Visual Studio Solution File, Format Version 12.00
# Visual Studio Version 17
VisualStudioVersion = 17.13.35828.75
MinimumVisualStudioVersion = 10.0.40219.1
Project("{FAE04EC0-301F-11D3-BF4B-00C04F79EFBC}") = "EncDecExample.ConsoleApp", "EncDecExample.ConsoleApp\EncDecExample.ConsoleApp.csproj", "{EFBF5EB9-44F5-42B1-A25E-52AC0CD46885}"
EndProject
Project("{FAE04EC0-301F-11D3-BF4B-00C04F79EFBC}") = "EncDecExample.WebApi", "EncDecExample.WebApi\EncDecExample.WebApi.csproj", "{0AEA1994-0DC5-474D-9DA8-005CAD84A99B}"
EndProject
Global
	GlobalSection(SolutionConfigurationPlatforms) = preSolution
		Debug|Any CPU = Debug|Any CPU
		Release|Any CPU = Release|Any CPU
	EndGlobalSection
	GlobalSection(ProjectConfigurationPlatforms) = postSolution
		{EFBF5EB9-44F5-42B1-A25E-52AC0CD46885}.Debug|Any CPU.ActiveCfg = Debug|Any CPU
		{EFBF5EB9-44F5-42B1-A25E-52AC0CD46885}.Debug|Any CPU.Build.0 = Debug|Any CPU
		{EFBF5EB9-44F5-42B1-A25E-52AC0CD46885}.Release|Any CPU.ActiveCfg = Release|Any CPU
		{EFBF5EB9-44F5-42B1-A25E-52AC0CD46885}.Release|Any CPU.Build.0 = Release|Any CPU
		{0AEA1994-0DC5-474D-9DA8-005CAD84A99B}.Debug|Any CPU.ActiveCfg = Debug|Any CPU
		{0AEA1994-0DC5-474D-9DA8-005CAD84A99B}.Debug|Any CPU.Build.0 = Debug|Any CPU
		{0AEA1994-0DC5-474D-9DA8-005CAD84A99B}.Release|Any CPU.ActiveCfg = Release|Any CPU
		{0AEA1994-0DC5-474D-9DA8-005CAD84A99B}.Release|Any CPU.Build.0 = Release|Any CPU
	EndGlobalSection
	GlobalSection(SolutionProperties) = preSolution
		HideSolutionNode = FALSE
	EndGlobalSection
	GlobalSection(ExtensibilityGlobals) = postSolution
		SolutionGuid = {CF836190-C28B-4F8A-ACC4-7A8F5682BE85}
	EndGlobalSection
EndGlobal
